// !$*UTF8*$!
{
	archiveVersion = 1;
	classes = {
	};
	objectVersion = 50;
	objects = {

/* Begin PBXBuildFile section */
		90E19FD526204B4600B2D856 /* WhatIs7x8App.swift in Sources */ = {isa = PBXBuildFile; fileRef = 90E19FD426204B4600B2D856 /* WhatIs7x8App.swift */; };
		90E19FD726204B4600B2D856 /* ContentView.swift in Sources */ = {isa = PBXBuildFile; fileRef = 90E19FD626204B4600B2D856 /* ContentView.swift */; };
		90E19FD926204B4A00B2D856 /* Assets.xcassets in Resources */ = {isa = PBXBuildFile; fileRef = 90E19FD826204B4A00B2D856 /* Assets.xcassets */; };
		90E19FDC26204B4A00B2D856 /* Preview Assets.xcassets in Resources */ = {isa = PBXBuildFile; fileRef = 90E19FDB26204B4A00B2D856 /* Preview Assets.xcassets */; };
		90E19FE6262B413700B2D856 /* ButtonStyle.swift in Sources */ = {isa = PBXBuildFile; fileRef = 90E19FE5262B413600B2D856 /* ButtonStyle.swift */; };
		90E19FE9262B42CA00B2D856 /* ViewModifiers.swift in Sources */ = {isa = PBXBuildFile; fileRef = 90E19FE8262B42CA00B2D856 /* ViewModifiers.swift */; };
		90E19FEC262B45AA00B2D856 /* LevelAndOperations.swift in Sources */ = {isa = PBXBuildFile; fileRef = 90E19FEB262B45AA00B2D856 /* LevelAndOperations.swift */; };
		90E19FEF262B460D00B2D856 /* Questions.swift in Sources */ = {isa = PBXBuildFile; fileRef = 90E19FEE262B460D00B2D856 /* Questions.swift */; };
		90E19FF2262B485B00B2D856 /* AnswerButtonView.swift in Sources */ = {isa = PBXBuildFile; fileRef = 90E19FF1262B485B00B2D856 /* AnswerButtonView.swift */; };
/* End PBXBuildFile section */

/* Begin PBXFileReference section */
		90E19FD126204B4600B2D856 /* WhatIs7x8.app */ = {isa = PBXFileReference; explicitFileType = wrapper.application; includeInIndex = 0; path = WhatIs7x8.app; sourceTree = BUILT_PRODUCTS_DIR; };
		90E19FD426204B4600B2D856 /* WhatIs7x8App.swift */ = {isa = PBXFileReference; lastKnownFileType = sourcecode.swift; path = WhatIs7x8App.swift; sourceTree = "<group>"; };
		90E19FD626204B4600B2D856 /* ContentView.swift */ = {isa = PBXFileReference; lastKnownFileType = sourcecode.swift; path = ContentView.swift; sourceTree = "<group>"; };
		90E19FD826204B4A00B2D856 /* Assets.xcassets */ = {isa = PBXFileReference; lastKnownFileType = folder.assetcatalog; path = Assets.xcassets; sourceTree = "<group>"; };
		90E19FDB26204B4A00B2D856 /* Preview Assets.xcassets */ = {isa = PBXFileReference; lastKnownFileType = folder.assetcatalog; path = "Preview Assets.xcassets"; sourceTree = "<group>"; };
		90E19FDD26204B4A00B2D856 /* Info.plist */ = {isa = PBXFileReference; lastKnownFileType = text.plist.xml; path = Info.plist; sourceTree = "<group>"; };
		90E19FE5262B413600B2D856 /* ButtonStyle.swift */ = {isa = PBXFileReference; lastKnownFileType = sourcecode.swift; path = ButtonStyle.swift; sourceTree = "<group>"; };
		90E19FE8262B42CA00B2D856 /* ViewModifiers.swift */ = {isa = PBXFileReference; lastKnownFileType = sourcecode.swift; path = ViewModifiers.swift; sourceTree = "<group>"; };
		90E19FEB262B45AA00B2D856 /* LevelAndOperations.swift */ = {isa = PBXFileReference; lastKnownFileType = sourcecode.swift; path = LevelAndOperations.swift; sourceTree = "<group>"; };
		90E19FEE262B460D00B2D856 /* Questions.swift */ = {isa = PBXFileReference; lastKnownFileType = sourcecode.swift; path = Questions.swift; sourceTree = "<group>"; };
		90E19FF1262B485B00B2D856 /* AnswerButtonView.swift */ = {isa = PBXFileReference; lastKnownFileType = sourcecode.swift; path = AnswerButtonView.swift; sourceTree = "<group>"; };
/* End PBXFileReference section */

/* Begin PBXFrameworksBuildPhase section */
		90E19FCE26204B4600B2D856 /* Frameworks */ = {
			isa = PBXFrameworksBuildPhase;
			buildActionMask = 2147483647;
			files = (
			);
			runOnlyForDeploymentPostprocessing = 0;
		};
/* End PBXFrameworksBuildPhase section */

/* Begin PBXGroup section */
		90E19FC826204B4600B2D856 = {
			isa = PBXGroup;
			children = (
				90E19FD326204B4600B2D856 /* WhatIs7x8 */,
				90E19FD226204B4600B2D856 /* Products */,
			);
			sourceTree = "<group>";
		};
		90E19FD226204B4600B2D856 /* Products */ = {
			isa = PBXGroup;
			children = (
				90E19FD126204B4600B2D856 /* WhatIs7x8.app */,
			);
			name = Products;
			sourceTree = "<group>";
		};
		90E19FD326204B4600B2D856 /* WhatIs7x8 */ = {
			isa = PBXGroup;
			children = (
				90E19FD426204B4600B2D856 /* WhatIs7x8App.swift */,
				90E19FD626204B4600B2D856 /* ContentView.swift */,
				90E19FD826204B4A00B2D856 /* Assets.xcassets */,
				90E19FDD26204B4A00B2D856 /* Info.plist */,
				90E19FDA26204B4A00B2D856 /* Preview Content */,
				90E19FE5262B413600B2D856 /* ButtonStyle.swift */,
				90E19FE8262B42CA00B2D856 /* ViewModifiers.swift */,
				90E19FEB262B45AA00B2D856 /* LevelAndOperations.swift */,
				90E19FEE262B460D00B2D856 /* Questions.swift */,
				90E19FF1262B485B00B2D856 /* AnswerButtonView.swift */,
			);
			path = WhatIs7x8;
			sourceTree = "<group>";
		};
		90E19FDA26204B4A00B2D856 /* Preview Content */ = {
			isa = PBXGroup;
			children = (
				90E19FDB26204B4A00B2D856 /* Preview Assets.xcassets */,
			);
			path = "Preview Content";
			sourceTree = "<group>";
		};
/* End PBXGroup section */

/* Begin PBXNativeTarget section */
		90E19FD026204B4600B2D856 /* WhatIs7x8 */ = {
			isa = PBXNativeTarget;
			buildConfigurationList = 90E19FE026204B4A00B2D856 /* Build configuration list for PBXNativeTarget "WhatIs7x8" */;
			buildPhases = (
				90E19FCD26204B4600B2D856 /* Sources */,
				90E19FCE26204B4600B2D856 /* Frameworks */,
				90E19FCF26204B4600B2D856 /* Resources */,
			);
			buildRules = (
			);
			dependencies = (
			);
			name = WhatIs7x8;
			productName = WhatIs7x8;
			productReference = 90E19FD126204B4600B2D856 /* WhatIs7x8.app */;
			productType = "com.apple.product-type.application";
		};
/* End PBXNativeTarget section */

/* Begin PBXProject section */
		90E19FC926204B4600B2D856 /* Project object */ = {
			isa = PBXProject;
			attributes = {
				LastSwiftUpdateCheck = 1240;
				LastUpgradeCheck = 1240;
				TargetAttributes = {
					90E19FD026204B4600B2D856 = {
						CreatedOnToolsVersion = 12.4;
					};
				};
			};
			buildConfigurationList = 90E19FCC26204B4600B2D856 /* Build configuration list for PBXProject "WhatIs7x8" */;
			compatibilityVersion = "Xcode 9.3";
			developmentRegion = en;
			hasScannedForEncodings = 0;
			knownRegions = (
				en,
				Base,
			);
			mainGroup = 90E19FC826204B4600B2D856;
			productRefGroup = 90E19FD226204B4600B2D856 /* Products */;
			projectDirPath = "";
			projectRoot = "";
			targets = (
				90E19FD026204B4600B2D856 /* WhatIs7x8 */,
			);
		};
/* End PBXProject section */

/* Begin PBXResourcesBuildPhase section */
		90E19FCF26204B4600B2D856 /* Resources */ = {
			isa = PBXResourcesBuildPhase;
			buildActionMask = 2147483647;
			files = (
				90E19FDC26204B4A00B2D856 /* Preview Assets.xcassets in Resources */,
				90E19FD926204B4A00B2D856 /* Assets.xcassets in Resources */,
			);
			runOnlyForDeploymentPostprocessing = 0;
		};
/* End PBXResourcesBuildPhase section */

/* Begin PBXSourcesBuildPhase section */
		90E19FCD26204B4600B2D856 /* Sources */ = {
			isa = PBXSourcesBuildPhase;
			buildActionMask = 2147483647;
			files = (
				90E19FF2262B485B00B2D856 /* AnswerButtonView.swift in Sources */,
				90E19FEC262B45AA00B2D856 /* LevelAndOperations.swift in Sources */,
				90E19FE6262B413700B2D856 /* ButtonStyle.swift in Sources */,
				90E19FD726204B4600B2D856 /* ContentView.swift in Sources */,
				90E19FEF262B460D00B2D856 /* Questions.swift in Sources */,
				90E19FD526204B4600B2D856 /* WhatIs7x8App.swift in Sources */,
				90E19FE9262B42CA00B2D856 /* ViewModifiers.swift in Sources */,
			);
			runOnlyForDeploymentPostprocessing = 0;
		};
/* End PBXSourcesBuildPhase section */

/* Begin XCBuildConfiguration section */
		90E19FDE26204B4A00B2D856 /* Debug */ = {
			isa = XCBuildConfiguration;
			buildSettings = {
				ALWAYS_SEARCH_USER_PATHS = NO;
				CLANG_ANALYZER_NONNULL = YES;
				CLANG_ANALYZER_NUMBER_OBJECT_CONVERSION = YES_AGGRESSIVE;
				CLANG_CXX_LANGUAGE_STANDARD = "gnu++14";
				CLANG_CXX_LIBRARY = "libc++";
				CLANG_ENABLE_MODULES = YES;
				CLANG_ENABLE_OBJC_ARC = YES;
				CLANG_ENABLE_OBJC_WEAK = YES;
				CLANG_WARN_BLOCK_CAPTURE_AUTORELEASING = YES;
				CLANG_WARN_BOOL_CONVERSION = YES;
				CLANG_WARN_COMMA = YES;
				CLANG_WARN_CONSTANT_CONVERSION = YES;
				CLANG_WARN_DEPRECATED_OBJC_IMPLEMENTATIONS = YES;
				CLANG_WARN_DIRECT_OBJC_ISA_USAGE = YES_ERROR;
				CLANG_WARN_DOCUMENTATION_COMMENTS = YES;
				CLANG_WARN_EMPTY_BODY = YES;
				CLANG_WARN_ENUM_CONVERSION = YES;
				CLANG_WARN_INFINITE_RECURSION = YES;
				CLANG_WARN_INT_CONVERSION = YES;
				CLANG_WARN_NON_LITERAL_NULL_CONVERSION = YES;
				CLANG_WARN_OBJC_IMPLICIT_RETAIN_SELF = YES;
				CLANG_WARN_OBJC_LITERAL_CONVERSION = YES;
				CLANG_WARN_OBJC_ROOT_CLASS = YES_ERROR;
				CLANG_WARN_QUOTED_INCLUDE_IN_FRAMEWORK_HEADER = YES;
				CLANG_WARN_RANGE_LOOP_ANALYSIS = YES;
				CLANG_WARN_STRICT_PROTOTYPES = YES;
				CLANG_WARN_SUSPICIOUS_MOVE = YES;
				CLANG_WARN_UNGUARDED_AVAILABILITY = YES_AGGRESSIVE;
				CLANG_WARN_UNREACHABLE_CODE = YES;
				CLANG_WARN__DUPLICATE_METHOD_MATCH = YES;
				COPY_PHASE_STRIP = NO;
				DEBUG_INFORMATION_FORMAT = dwarf;
				ENABLE_STRICT_OBJC_MSGSEND = YES;
				ENABLE_TESTABILITY = YES;
				GCC_C_LANGUAGE_STANDARD = gnu11;
				GCC_DYNAMIC_NO_PIC = NO;
				GCC_NO_COMMON_BLOCKS = YES;
				GCC_OPTIMIZATION_LEVEL = 0;
				GCC_PREPROCESSOR_DEFINITIONS = (
					"DEBUG=1",
					"$(inherited)",
				);
				GCC_WARN_64_TO_32_BIT_CONVERSION = YES;
				GCC_WARN_ABOUT_RETURN_TYPE = YES_ERROR;
				GCC_WARN_UNDECLARED_SELECTOR = YES;
				GCC_WARN_UNINITIALIZED_AUTOS = YES_AGGRESSIVE;
				GCC_WARN_UNUSED_FUNCTION = YES;
				GCC_WARN_UNUSED_VARIABLE = YES;
				IPHONEOS_DEPLOYMENT_TARGET = 14.4;
				MTL_ENABLE_DEBUG_INFO = INCLUDE_SOURCE;
				MTL_FAST_MATH = YES;
				ONLY_ACTIVE_ARCH = YES;
				SDKROOT = iphoneos;
				SWIFT_ACTIVE_COMPILATION_CONDITIONS = DEBUG;
				SWIFT_OPTIMIZATION_LEVEL = "-Onone";
			};
			name = Debug;
		};
		90E19FDF26204B4A00B2D856 /* Release */ = {
			isa = XCBuildConfiguration;
			buildSettings = {
				ALWAYS_SEARCH_USER_PATHS = NO;
				CLANG_ANALYZER_NONNULL = YES;
				CLANG_ANALYZER_NUMBER_OBJECT_CONVERSION = YES_AGGRESSIVE;
				CLANG_CXX_LANGUAGE_STANDARD = "gnu++14";
				CLANG_CXX_LIBRARY = "libc++";
				CLANG_ENABLE_MODULES = YES;
				CLANG_ENABLE_OBJC_ARC = YES;
				CLANG_ENABLE_OBJC_WEAK = YES;
				CLANG_WARN_BLOCK_CAPTURE_AUTORELEASING = YES;
				CLANG_WARN_BOOL_CONVERSION = YES;
				CLANG_WARN_COMMA = YES;
				CLANG_WARN_CONSTANT_CONVERSION = YES;
				CLANG_WARN_DEPRECATED_OBJC_IMPLEMENTATIONS = YES;
				CLANG_WARN_DIRECT_OBJC_ISA_USAGE = YES_ERROR;
				CLANG_WARN_DOCUMENTATION_COMMENTS = YES;
				CLANG_WARN_EMPTY_BODY = YES;
				CLANG_WARN_ENUM_CONVERSION = YES;
				CLANG_WARN_INFINITE_RECURSION = YES;
				CLANG_WARN_INT_CONVERSION = YES;
				CLANG_WARN_NON_LITERAL_NULL_CONVERSION = YES;
				CLANG_WARN_OBJC_IMPLICIT_RETAIN_SELF = YES;
				CLANG_WARN_OBJC_LITERAL_CONVERSION = YES;
				CLANG_WARN_OBJC_ROOT_CLASS = YES_ERROR;
				CLANG_WARN_QUOTED_INCLUDE_IN_FRAMEWORK_HEADER = YES;
				CLANG_WARN_RANGE_LOOP_ANALYSIS = YES;
				CLANG_WARN_STRICT_PROTOTYPES = YES;
				CLANG_WARN_SUSPICIOUS_MOVE = YES;
				CLANG_WARN_UNGUARDED_AVAILABILITY = YES_AGGRESSIVE;
				CLANG_WARN_UNREACHABLE_CODE = YES;
				CLANG_WARN__DUPLICATE_METHOD_MATCH = YES;
				COPY_PHASE_STRIP = NO;
				DEBUG_INFORMATION_FORMAT = "dwarf-with-dsym";
				ENABLE_NS_ASSERTIONS = NO;
				ENABLE_STRICT_OBJC_MSGSEND = YES;
				GCC_C_LANGUAGE_STANDARD = gnu11;
				GCC_NO_COMMON_BLOCKS = YES;
				GCC_WARN_64_TO_32_BIT_CONVERSION = YES;
				GCC_WARN_ABOUT_RETURN_TYPE = YES_ERROR;
				GCC_WARN_UNDECLARED_SELECTOR = YES;
				GCC_WARN_UNINITIALIZED_AUTOS = YES_AGGRESSIVE;
				GCC_WARN_UNUSED_FUNCTION = YES;
				GCC_WARN_UNUSED_VARIABLE = YES;
				IPHONEOS_DEPLOYMENT_TARGET = 14.4;
				MTL_ENABLE_DEBUG_INFO = NO;
				MTL_FAST_MATH = YES;
				SDKROOT = iphoneos;
				SWIFT_COMPILATION_MODE = wholemodule;
				SWIFT_OPTIMIZATION_LEVEL = "-O";
				VALIDATE_PRODUCT = YES;
			};
			name = Release;
		};
		90E19FE126204B4A00B2D856 /* Debug */ = {
			isa = XCBuildConfiguration;
			buildSettings = {
				ASSETCATALOG_COMPILER_APPICON_NAME = AppIcon;
				ASSETCATALOG_COMPILER_GLOBAL_ACCENT_COLOR_NAME = AccentColor;
				CODE_SIGN_STYLE = Automatic;
				DEVELOPMENT_ASSET_PATHS = "\"WhatIs7x8/Preview Content\"";
				DEVELOPMENT_TEAM = LC6H4V574H;
				ENABLE_PREVIEWS = YES;
				INFOPLIST_FILE = WhatIs7x8/Info.plist;
				IPHONEOS_DEPLOYMENT_TARGET = 14.0;
				LD_RUNPATH_SEARCH_PATHS = (
					"$(inherited)",
					"@executable_path/Frameworks",
				);
				PRODUCT_BUNDLE_IDENTIFIER = dk.viskum.WhatIs7x8;
				PRODUCT_NAME = "$(TARGET_NAME)";
				SWIFT_VERSION = 5.0;
				TARGETED_DEVICE_FAMILY = "1,2";
			};
			name = Debug;
		};
		90E19FE226204B4A00B2D856 /* Release */ = {
			isa = XCBuildConfiguration;
			buildSettings = {
				ASSETCATALOG_COMPILER_APPICON_NAME = AppIcon;
				ASSETCATALOG_COMPILER_GLOBAL_ACCENT_COLOR_NAME = AccentColor;
				CODE_SIGN_STYLE = Automatic;
				DEVELOPMENT_ASSET_PATHS = "\"WhatIs7x8/Preview Content\"";
				DEVELOPMENT_TEAM = LC6H4V574H;
				ENABLE_PREVIEWS = YES;
				INFOPLIST_FILE = WhatIs7x8/Info.plist;
				IPHONEOS_DEPLOYMENT_TARGET = 14.0;
				LD_RUNPATH_SEARCH_PATHS = (
					"$(inherited)",
					"@executable_path/Frameworks",
				);
				PRODUCT_BUNDLE_IDENTIFIER = dk.viskum.WhatIs7x8;
				PRODUCT_NAME = "$(TARGET_NAME)";
				SWIFT_VERSION = 5.0;
				TARGETED_DEVICE_FAMILY = "1,2";
			};
			name = Release;
		};
/* End XCBuildConfiguration section */

/* Begin XCConfigurationList section */
		90E19FCC26204B4600B2D856 /* Build configuration list for PBXProject "WhatIs7x8" */ = {
			isa = XCConfigurationList;
			buildConfigurations = (
				90E19FDE26204B4A00B2D856 /* Debug */,
				90E19FDF26204B4A00B2D856 /* Release */,
			);
			defaultConfigurationIsVisible = 0;
			defaultConfigurationName = Release;
		};
		90E19FE026204B4A00B2D856 /* Build configuration list for PBXNativeTarget "WhatIs7x8" */ = {
			isa = XCConfigurationList;
			buildConfigurations = (
				90E19FE126204B4A00B2D856 /* Debug */,
				90E19FE226204B4A00B2D856 /* Release */,
			);
			defaultConfigurationIsVisible = 0;
			defaultConfigurationName = Release;
		};
/* End XCConfigurationList section */
	};
	rootObject = 90E19FC926204B4600B2D856 /* Project object */;
}
